
Microsoft Visual Studio Solution File, Format Version 12.00
# Visual Studio 15
VisualStudioVersion = 15.0.35319.79
MinimumVisualStudioVersion = 10.0.40219.1
Project("{8BC9CEB8-8B4A-11D0-8D11-00A0C91BC942}") = "Вывод массива на экран", "Вывод массива на экран\Вывод массива на экран.vcxproj", "{16F1D320-BB10-4D08-96E5-D89A024B0821}"
EndProject
Global
	GlobalSection(SolutionConfigurationPlatforms) = preSolution
		Debug|x64 = Debug|x64
		Debug|x86 = Debug|x86
		Release|x64 = Release|x64
		Release|x86 = Release|x86
	EndGlobalSection
	GlobalSection(ProjectConfigurationPlatforms) = postSolution
		{16F1D320-BB10-4D08-96E5-D89A024B0821}.Debug|x64.ActiveCfg = Debug|x64
		{16F1D320-BB10-4D08-96E5-D89A024B0821}.Debug|x64.Build.0 = Debug|x64
		{16F1D320-BB10-4D08-96E5-D89A024B0821}.Debug|x86.ActiveCfg = Debug|Win32
		{16F1D320-BB10-4D08-96E5-D89A024B0821}.Debug|x86.Build.0 = Debug|Win32
		{16F1D320-BB10-4D08-96E5-D89A024B0821}.Release|x64.ActiveCfg = Release|x64
		{16F1D320-BB10-4D08-96E5-D89A024B0821}.Release|x64.Build.0 = Release|x64
		{16F1D320-BB10-4D08-96E5-D89A024B0821}.Release|x86.ActiveCfg = Release|Win32
		{16F1D320-BB10-4D08-96E5-D89A024B0821}.Release|x86.Build.0 = Release|Win32
	EndGlobalSection
	GlobalSection(SolutionProperties) = preSolution
		HideSolutionNode = FALSE
	EndGlobalSection
	GlobalSection(ExtensibilityGlobals) = postSolution
		SolutionGuid = {51ADC235-9FD5-4021-AFA3-D0E3CFC35B9D}
	EndGlobalSection
EndGlobal
